{
  "requires": true,
  "lockfileVersion": 1,
  "dependencies": {
    "uniapp-zaudio": {
      "version": "2.1.2",
      "resolved": "https://registry.npmjs.org/uniapp-zaudio/-/uniapp-zaudio-2.1.2.tgz",
      "integrity": "sha512-GCKkv4vG55wZLQBLjJQkv5LYTGUI0P5QXUAj9BceO/nbRN54IGyb7bsjAeaCIGr9XqGF8BdJf5ST9sHZSZsOdw=="
    }
  }
}
